
Microsoft Visual Studio Solution File, Format Version 11.00
# Visual Studio 2010
Project("{FAE04EC0-301F-11D3-BF4B-00C04F79EFBC}") = "ReproCollisionChange", "Assembly-CSharp-firstpass.csproj", "{C418F7D7-7160-69CD-A2D7-595AA0B01DD1}"
EndProject
Project("{FAE04EC0-301F-11D3-BF4B-00C04F79EFBC}") = "ReproCollisionChange", "Assembly-CSharp.csproj", "{BBDD4F68-28EE-10EE-49A3-F36A2EF7F54E}"
EndProject
Project("{FAE04EC0-301F-11D3-BF4B-00C04F79EFBC}") = "ReproCollisionChange", "Assembly-CSharp-Editor.csproj", "{31E5E03F-DCF7-EC93-8453-E70BCC7905E1}"
EndProject
Global
	GlobalSection(SolutionConfigurationPlatforms) = preSolution
		Debug|Any CPU = Debug|Any CPU
		Release|Any CPU = Release|Any CPU
	EndGlobalSection
	GlobalSection(ProjectConfigurationPlatforms) = postSolution
		{C418F7D7-7160-69CD-A2D7-595AA0B01DD1}.Debug|Any CPU.ActiveCfg = Debug|Any CPU
		{C418F7D7-7160-69CD-A2D7-595AA0B01DD1}.Debug|Any CPU.Build.0 = Debug|Any CPU
		{C418F7D7-7160-69CD-A2D7-595AA0B01DD1}.Release|Any CPU.ActiveCfg = Release|Any CPU
		{C418F7D7-7160-69CD-A2D7-595AA0B01DD1}.Release|Any CPU.Build.0 = Release|Any CPU
		{BBDD4F68-28EE-10EE-49A3-F36A2EF7F54E}.Debug|Any CPU.ActiveCfg = Debug|Any CPU
		{BBDD4F68-28EE-10EE-49A3-F36A2EF7F54E}.Debug|Any CPU.Build.0 = Debug|Any CPU
		{BBDD4F68-28EE-10EE-49A3-F36A2EF7F54E}.Release|Any CPU.ActiveCfg = Release|Any CPU
		{BBDD4F68-28EE-10EE-49A3-F36A2EF7F54E}.Release|Any CPU.Build.0 = Release|Any CPU
		{31E5E03F-DCF7-EC93-8453-E70BCC7905E1}.Debug|Any CPU.ActiveCfg = Debug|Any CPU
		{31E5E03F-DCF7-EC93-8453-E70BCC7905E1}.Debug|Any CPU.Build.0 = Debug|Any CPU
		{31E5E03F-DCF7-EC93-8453-E70BCC7905E1}.Release|Any CPU.ActiveCfg = Release|Any CPU
		{31E5E03F-DCF7-EC93-8453-E70BCC7905E1}.Release|Any CPU.Build.0 = Release|Any CPU
	EndGlobalSection
	GlobalSection(SolutionProperties) = preSolution
		HideSolutionNode = FALSE
	EndGlobalSection
	GlobalSection(MonoDevelopProperties) = preSolution
		StartupItem = Assembly-CSharp.csproj
	EndGlobalSection
EndGlobal
